
Microsoft Visual Studio Solution File, Format Version 12.00
# Visual Studio 2012
Project("{FAE04EC0-301F-11D3-BF4B-00C04F79EFBC}") = "BMapBase.iOS", "BMapBase.iOS\BMapBase.iOS.csproj", "{ED708957-4A0C-4127-B465-CF7D6191BDF6}"
EndProject
Project("{FAE04EC0-301F-11D3-BF4B-00C04F79EFBC}") = "BMapMain.iOS", "BMapMain.iOS\BMapMain.iOS.csproj", "{5A9AE8C6-8824-4560-91F7-801252557A38}"
EndProject
Project("{FAE04EC0-301F-11D3-BF4B-00C04F79EFBC}") = "BMapLocation.iOS", "BMapLocation.iOS\BMapLocation.iOS.csproj", "{4228C0F8-0EEC-4DB0-9F60-16CCC040B0FA}"
EndProject
Project("{FAE04EC0-301F-11D3-BF4B-00C04F79EFBC}") = "BMapUtils.iOS", "BMapUtils.iOS\BMapUtils.iOS.csproj", "{5AF56151-5C6A-4904-907B-DC053676F286}"
EndProject
Project("{FAE04EC0-301F-11D3-BF4B-00C04F79EFBC}") = "BMapCloud.iOS", "BMapCloud.iOS\BMapCloud.iOS.csproj", "{86BFC374-258A-4559-9E41-A0D8B7597188}"
EndProject
Project("{FAE04EC0-301F-11D3-BF4B-00C04F79EFBC}") = "BMapRadar.iOS", "BMapRadar.iOS\BMapRadar.iOS.csproj", "{DA22B0BE-F117-4CD2-AC43-CA091048C10B}"
EndProject
Project("{FAE04EC0-301F-11D3-BF4B-00C04F79EFBC}") = "BMapSearch.iOS", "BMapSearch.iOS\BMapSearch.iOS.csproj", "{3CBAE974-85DC-492F-B86F-E84D52E8BF6A}"
EndProject
Project("{FAE04EC0-301F-11D3-BF4B-00C04F79EFBC}") = "Xamarin.Forms.BaiduMaps", "Xamarin.Forms.BaiduMaps\Xamarin.Forms.BaiduMaps.csproj", "{AD7AE334-360D-4769-8F72-BD79C078FE87}"
EndProject
Project("{FAE04EC0-301F-11D3-BF4B-00C04F79EFBC}") = "Xamarin.Forms.BaiduMaps.iOS", "Xamarin.Forms.BaiduMaps.iOS\Xamarin.Forms.BaiduMaps.iOS.csproj", "{03A93561-6EF7-4EEC-9C2C-C58CD2AF3196}"
EndProject
Project("{FAE04EC0-301F-11D3-BF4B-00C04F79EFBC}") = "BMapBase.Droid", "BMapBase.Droid\BMapBase.Droid.csproj", "{6218A1F4-C0A8-4522-B14D-CBF6CCE58FE2}"
EndProject
Project("{FAE04EC0-301F-11D3-BF4B-00C04F79EFBC}") = "BMapCloud.Droid", "BMapCloud.Droid\BMapCloud.Droid.csproj", "{40B36703-B5A5-4F32-89AE-0022536AE00A}"
EndProject
Project("{FAE04EC0-301F-11D3-BF4B-00C04F79EFBC}") = "BMapLocation.Droid", "BMapLocation.Droid\BMapLocation.Droid.csproj", "{AB63235A-70AA-49BE-BD4D-AFDBA29DA507}"
EndProject
Project("{FAE04EC0-301F-11D3-BF4B-00C04F79EFBC}") = "BMapMain.Droid", "BMapMain.Droid\BMapMain.Droid.csproj", "{76F4DCCB-658E-4AF9-8851-B3327F6EB42E}"
EndProject
Project("{FAE04EC0-301F-11D3-BF4B-00C04F79EFBC}") = "BMapRadar.Droid", "BMapRadar.Droid\BMapRadar.Droid.csproj", "{3ACFE23C-D6FF-46F9-8A69-14891B1456EA}"
EndProject
Project("{FAE04EC0-301F-11D3-BF4B-00C04F79EFBC}") = "BMapSearch.Droid", "BMapSearch.Droid\BMapSearch.Droid.csproj", "{7F8FC491-34BA-4778-94E5-A8EE73E90C20}"
EndProject
Project("{FAE04EC0-301F-11D3-BF4B-00C04F79EFBC}") = "BMapUtils.Droid", "BMapUtils.Droid\BMapUtils.Droid.csproj", "{C7C718CC-6DA4-4341-912E-43BBBD27694D}"
EndProject
Project("{FAE04EC0-301F-11D3-BF4B-00C04F79EFBC}") = "Xamarin.Forms.BaiduMaps.Droid", "Xamarin.Forms.BaiduMaps.Droid\Xamarin.Forms.BaiduMaps.Droid.csproj", "{3F0DB3AA-986B-4801-A1B9-C0DF3016C2B6}"
EndProject
Project("{FAE04EC0-301F-11D3-BF4B-00C04F79EFBC}") = "BMapBinding.Droid", "BMapBinding.Droid\BMapBinding.Droid.csproj", "{0B512933-8B33-43BE-8878-317DB02B0D48}"
EndProject
Project("{FAE04EC0-301F-11D3-BF4B-00C04F79EFBC}") = "Xamarin.Forms.BaiduMaps.Sample", "Xamarin.Forms.BaiduMaps.Sample\Xamarin.Forms.BaiduMaps.Sample.csproj", "{BAF2B022-2547-4297-9DD1-F053992EBF43}"
EndProject
Project("{FAE04EC0-301F-11D3-BF4B-00C04F79EFBC}") = "Xamarin.Forms.BaiduMaps.Sample.iOS", "iOS\Xamarin.Forms.BaiduMaps.Sample.iOS.csproj", "{06A4259E-8F5B-4539-AE55-2B2D736EA678}"
EndProject
Project("{FAE04EC0-301F-11D3-BF4B-00C04F79EFBC}") = "Xamarin.Forms.BaiduMaps.Sample.Droid", "Droid\Xamarin.Forms.BaiduMaps.Sample.Droid.csproj", "{6D25557F-AC29-410A-B97D-F8077D73A425}"
EndProject
Global
	GlobalSection(SolutionConfigurationPlatforms) = preSolution
		Debug|Any CPU = Debug|Any CPU
		Release|Any CPU = Release|Any CPU
		Debug|iPhoneSimulator = Debug|iPhoneSimulator
		Release|iPhone = Release|iPhone
		Release|iPhoneSimulator = Release|iPhoneSimulator
		Debug|iPhone = Debug|iPhone
	EndGlobalSection
	GlobalSection(ProjectConfigurationPlatforms) = postSolution
		{ED708957-4A0C-4127-B465-CF7D6191BDF6}.Debug|Any CPU.ActiveCfg = Debug|Any CPU
		{ED708957-4A0C-4127-B465-CF7D6191BDF6}.Debug|Any CPU.Build.0 = Debug|Any CPU
		{ED708957-4A0C-4127-B465-CF7D6191BDF6}.Release|Any CPU.ActiveCfg = Release|Any CPU
		{ED708957-4A0C-4127-B465-CF7D6191BDF6}.Release|Any CPU.Build.0 = Release|Any CPU
		{ED708957-4A0C-4127-B465-CF7D6191BDF6}.Debug|iPhoneSimulator.ActiveCfg = Debug|Any CPU
		{ED708957-4A0C-4127-B465-CF7D6191BDF6}.Debug|iPhoneSimulator.Build.0 = Debug|Any CPU
		{ED708957-4A0C-4127-B465-CF7D6191BDF6}.Release|iPhone.ActiveCfg = Release|Any CPU
		{ED708957-4A0C-4127-B465-CF7D6191BDF6}.Release|iPhone.Build.0 = Release|Any CPU
		{ED708957-4A0C-4127-B465-CF7D6191BDF6}.Release|iPhoneSimulator.ActiveCfg = Release|Any CPU
		{ED708957-4A0C-4127-B465-CF7D6191BDF6}.Release|iPhoneSimulator.Build.0 = Release|Any CPU
		{ED708957-4A0C-4127-B465-CF7D6191BDF6}.Debug|iPhone.ActiveCfg = Debug|Any CPU
		{ED708957-4A0C-4127-B465-CF7D6191BDF6}.Debug|iPhone.Build.0 = Debug|Any CPU
		{5A9AE8C6-8824-4560-91F7-801252557A38}.Debug|Any CPU.ActiveCfg = Debug|Any CPU
		{5A9AE8C6-8824-4560-91F7-801252557A38}.Debug|Any CPU.Build.0 = Debug|Any CPU
		{5A9AE8C6-8824-4560-91F7-801252557A38}.Release|Any CPU.ActiveCfg = Release|Any CPU
		{5A9AE8C6-8824-4560-91F7-801252557A38}.Release|Any CPU.Build.0 = Release|Any CPU
		{5A9AE8C6-8824-4560-91F7-801252557A38}.Debug|iPhoneSimulator.ActiveCfg = Debug|Any CPU
		{5A9AE8C6-8824-4560-91F7-801252557A38}.Debug|iPhoneSimulator.Build.0 = Debug|Any CPU
		{5A9AE8C6-8824-4560-91F7-801252557A38}.Release|iPhone.ActiveCfg = Release|Any CPU
		{5A9AE8C6-8824-4560-91F7-801252557A38}.Release|iPhone.Build.0 = Release|Any CPU
		{5A9AE8C6-8824-4560-91F7-801252557A38}.Release|iPhoneSimulator.ActiveCfg = Release|Any CPU
		{5A9AE8C6-8824-4560-91F7-801252557A38}.Release|iPhoneSimulator.Build.0 = Release|Any CPU
		{5A9AE8C6-8824-4560-91F7-801252557A38}.Debug|iPhone.ActiveCfg = Debug|Any CPU
		{5A9AE8C6-8824-4560-91F7-801252557A38}.Debug|iPhone.Build.0 = Debug|Any CPU
		{4228C0F8-0EEC-4DB0-9F60-16CCC040B0FA}.Debug|Any CPU.ActiveCfg = Debug|Any CPU
		{4228C0F8-0EEC-4DB0-9F60-16CCC040B0FA}.Debug|Any CPU.Build.0 = Debug|Any CPU
		{4228C0F8-0EEC-4DB0-9F60-16CCC040B0FA}.Release|Any CPU.ActiveCfg = Release|Any CPU
		{4228C0F8-0EEC-4DB0-9F60-16CCC040B0FA}.Release|Any CPU.Build.0 = Release|Any CPU
		{4228C0F8-0EEC-4DB0-9F60-16CCC040B0FA}.Debug|iPhoneSimulator.ActiveCfg = Debug|Any CPU
		{4228C0F8-0EEC-4DB0-9F60-16CCC040B0FA}.Debug|iPhoneSimulator.Build.0 = Debug|Any CPU
		{4228C0F8-0EEC-4DB0-9F60-16CCC040B0FA}.Release|iPhone.ActiveCfg = Release|Any CPU
		{4228C0F8-0EEC-4DB0-9F60-16CCC040B0FA}.Release|iPhone.Build.0 = Release|Any CPU
		{4228C0F8-0EEC-4DB0-9F60-16CCC040B0FA}.Release|iPhoneSimulator.ActiveCfg = Release|Any CPU
		{4228C0F8-0EEC-4DB0-9F60-16CCC040B0FA}.Release|iPhoneSimulator.Build.0 = Release|Any CPU
		{4228C0F8-0EEC-4DB0-9F60-16CCC040B0FA}.Debug|iPhone.ActiveCfg = Debug|Any CPU
		{4228C0F8-0EEC-4DB0-9F60-16CCC040B0FA}.Debug|iPhone.Build.0 = Debug|Any CPU
		{5AF56151-5C6A-4904-907B-DC053676F286}.Debug|Any CPU.ActiveCfg = Debug|Any CPU
		{5AF56151-5C6A-4904-907B-DC053676F286}.Debug|Any CPU.Build.0 = Debug|Any CPU
		{5AF56151-5C6A-4904-907B-DC053676F286}.Release|Any CPU.ActiveCfg = Release|Any CPU
		{5AF56151-5C6A-4904-907B-DC053676F286}.Release|Any CPU.Build.0 = Release|Any CPU
		{5AF56151-5C6A-4904-907B-DC053676F286}.Debug|iPhoneSimulator.ActiveCfg = Debug|Any CPU
		{5AF56151-5C6A-4904-907B-DC053676F286}.Debug|iPhoneSimulator.Build.0 = Debug|Any CPU
		{5AF56151-5C6A-4904-907B-DC053676F286}.Release|iPhone.ActiveCfg = Release|Any CPU
		{5AF56151-5C6A-4904-907B-DC053676F286}.Release|iPhone.Build.0 = Release|Any CPU
		{5AF56151-5C6A-4904-907B-DC053676F286}.Release|iPhoneSimulator.ActiveCfg = Release|Any CPU
		{5AF56151-5C6A-4904-907B-DC053676F286}.Release|iPhoneSimulator.Build.0 = Release|Any CPU
		{5AF56151-5C6A-4904-907B-DC053676F286}.Debug|iPhone.ActiveCfg = Debug|Any CPU
		{5AF56151-5C6A-4904-907B-DC053676F286}.Debug|iPhone.Build.0 = Debug|Any CPU
		{86BFC374-258A-4559-9E41-A0D8B7597188}.Debug|Any CPU.ActiveCfg = Debug|Any CPU
		{86BFC374-258A-4559-9E41-A0D8B7597188}.Debug|Any CPU.Build.0 = Debug|Any CPU
		{86BFC374-258A-4559-9E41-A0D8B7597188}.Release|Any CPU.ActiveCfg = Release|Any CPU
		{86BFC374-258A-4559-9E41-A0D8B7597188}.Release|Any CPU.Build.0 = Release|Any CPU
		{86BFC374-258A-4559-9E41-A0D8B7597188}.Debug|iPhoneSimulator.ActiveCfg = Debug|Any CPU
		{86BFC374-258A-4559-9E41-A0D8B7597188}.Debug|iPhoneSimulator.Build.0 = Debug|Any CPU
		{86BFC374-258A-4559-9E41-A0D8B7597188}.Release|iPhone.ActiveCfg = Release|Any CPU
		{86BFC374-258A-4559-9E41-A0D8B7597188}.Release|iPhone.Build.0 = Release|Any CPU
		{86BFC374-258A-4559-9E41-A0D8B7597188}.Release|iPhoneSimulator.ActiveCfg = Release|Any CPU
		{86BFC374-258A-4559-9E41-A0D8B7597188}.Release|iPhoneSimulator.Build.0 = Release|Any CPU
		{86BFC374-258A-4559-9E41-A0D8B7597188}.Debug|iPhone.ActiveCfg = Debug|Any CPU
		{86BFC374-258A-4559-9E41-A0D8B7597188}.Debug|iPhone.Build.0 = Debug|Any CPU
		{DA22B0BE-F117-4CD2-AC43-CA091048C10B}.Debug|Any CPU.ActiveCfg = Debug|Any CPU
		{DA22B0BE-F117-4CD2-AC43-CA091048C10B}.Debug|Any CPU.Build.0 = Debug|Any CPU
		{DA22B0BE-F117-4CD2-AC43-CA091048C10B}.Release|Any CPU.ActiveCfg = Release|Any CPU
		{DA22B0BE-F117-4CD2-AC43-CA091048C10B}.Release|Any CPU.Build.0 = Release|Any CPU
		{DA22B0BE-F117-4CD2-AC43-CA091048C10B}.Debug|iPhoneSimulator.ActiveCfg = Debug|Any CPU
		{DA22B0BE-F117-4CD2-AC43-CA091048C10B}.Debug|iPhoneSimulator.Build.0 = Debug|Any CPU
		{DA22B0BE-F117-4CD2-AC43-CA091048C10B}.Release|iPhone.ActiveCfg = Release|Any CPU
		{DA22B0BE-F117-4CD2-AC43-CA091048C10B}.Release|iPhone.Build.0 = Release|Any CPU
		{DA22B0BE-F117-4CD2-AC43-CA091048C10B}.Release|iPhoneSimulator.ActiveCfg = Release|Any CPU
		{DA22B0BE-F117-4CD2-AC43-CA091048C10B}.Release|iPhoneSimulator.Build.0 = Release|Any CPU
		{DA22B0BE-F117-4CD2-AC43-CA091048C10B}.Debug|iPhone.ActiveCfg = Debug|Any CPU
		{DA22B0BE-F117-4CD2-AC43-CA091048C10B}.Debug|iPhone.Build.0 = Debug|Any CPU
		{3CBAE974-85DC-492F-B86F-E84D52E8BF6A}.Debug|Any CPU.ActiveCfg = Debug|Any CPU
		{3CBAE974-85DC-492F-B86F-E84D52E8BF6A}.Debug|Any CPU.Build.0 = Debug|Any CPU
		{3CBAE974-85DC-492F-B86F-E84D52E8BF6A}.Release|Any CPU.ActiveCfg = Release|Any CPU
		{3CBAE974-85DC-492F-B86F-E84D52E8BF6A}.Release|Any CPU.Build.0 = Release|Any CPU
		{3CBAE974-85DC-492F-B86F-E84D52E8BF6A}.Debug|iPhoneSimulator.ActiveCfg = Debug|Any CPU
		{3CBAE974-85DC-492F-B86F-E84D52E8BF6A}.Debug|iPhoneSimulator.Build.0 = Debug|Any CPU
		{3CBAE974-85DC-492F-B86F-E84D52E8BF6A}.Release|iPhone.ActiveCfg = Release|Any CPU
		{3CBAE974-85DC-492F-B86F-E84D52E8BF6A}.Release|iPhone.Build.0 = Release|Any CPU
		{3CBAE974-85DC-492F-B86F-E84D52E8BF6A}.Release|iPhoneSimulator.ActiveCfg = Release|Any CPU
		{3CBAE974-85DC-492F-B86F-E84D52E8BF6A}.Release|iPhoneSimulator.Build.0 = Release|Any CPU
		{3CBAE974-85DC-492F-B86F-E84D52E8BF6A}.Debug|iPhone.ActiveCfg = Debug|Any CPU
		{3CBAE974-85DC-492F-B86F-E84D52E8BF6A}.Debug|iPhone.Build.0 = Debug|Any CPU
		{AD7AE334-360D-4769-8F72-BD79C078FE87}.Debug|Any CPU.ActiveCfg = Debug|Any CPU
		{AD7AE334-360D-4769-8F72-BD79C078FE87}.Debug|Any CPU.Build.0 = Debug|Any CPU
		{AD7AE334-360D-4769-8F72-BD79C078FE87}.Release|Any CPU.ActiveCfg = Release|Any CPU
		{AD7AE334-360D-4769-8F72-BD79C078FE87}.Release|Any CPU.Build.0 = Release|Any CPU
		{AD7AE334-360D-4769-8F72-BD79C078FE87}.Debug|iPhoneSimulator.ActiveCfg = Debug|Any CPU
		{AD7AE334-360D-4769-8F72-BD79C078FE87}.Debug|iPhoneSimulator.Build.0 = Debug|Any CPU
		{AD7AE334-360D-4769-8F72-BD79C078FE87}.Release|iPhone.ActiveCfg = Release|Any CPU
		{AD7AE334-360D-4769-8F72-BD79C078FE87}.Release|iPhone.Build.0 = Release|Any CPU
		{AD7AE334-360D-4769-8F72-BD79C078FE87}.Release|iPhoneSimulator.ActiveCfg = Release|Any CPU
		{AD7AE334-360D-4769-8F72-BD79C078FE87}.Release|iPhoneSimulator.Build.0 = Release|Any CPU
		{AD7AE334-360D-4769-8F72-BD79C078FE87}.Debug|iPhone.ActiveCfg = Debug|Any CPU
		{AD7AE334-360D-4769-8F72-BD79C078FE87}.Debug|iPhone.Build.0 = Debug|Any CPU
		{03A93561-6EF7-4EEC-9C2C-C58CD2AF3196}.Debug|Any CPU.ActiveCfg = Debug|Any CPU
		{03A93561-6EF7-4EEC-9C2C-C58CD2AF3196}.Debug|Any CPU.Build.0 = Debug|Any CPU
		{03A93561-6EF7-4EEC-9C2C-C58CD2AF3196}.Release|Any CPU.ActiveCfg = Release|Any CPU
		{03A93561-6EF7-4EEC-9C2C-C58CD2AF3196}.Release|Any CPU.Build.0 = Release|Any CPU
		{03A93561-6EF7-4EEC-9C2C-C58CD2AF3196}.Debug|iPhoneSimulator.ActiveCfg = Debug|Any CPU
		{03A93561-6EF7-4EEC-9C2C-C58CD2AF3196}.Debug|iPhoneSimulator.Build.0 = Debug|Any CPU
		{03A93561-6EF7-4EEC-9C2C-C58CD2AF3196}.Release|iPhone.ActiveCfg = Release|Any CPU
		{03A93561-6EF7-4EEC-9C2C-C58CD2AF3196}.Release|iPhone.Build.0 = Release|Any CPU
		{03A93561-6EF7-4EEC-9C2C-C58CD2AF3196}.Release|iPhoneSimulator.ActiveCfg = Release|Any CPU
		{03A93561-6EF7-4EEC-9C2C-C58CD2AF3196}.Release|iPhoneSimulator.Build.0 = Release|Any CPU
		{03A93561-6EF7-4EEC-9C2C-C58CD2AF3196}.Debug|iPhone.ActiveCfg = Debug|Any CPU
		{03A93561-6EF7-4EEC-9C2C-C58CD2AF3196}.Debug|iPhone.Build.0 = Debug|Any CPU
		{6218A1F4-C0A8-4522-B14D-CBF6CCE58FE2}.Debug|Any CPU.ActiveCfg = Debug|Any CPU
		{6218A1F4-C0A8-4522-B14D-CBF6CCE58FE2}.Debug|Any CPU.Build.0 = Debug|Any CPU
		{6218A1F4-C0A8-4522-B14D-CBF6CCE58FE2}.Release|Any CPU.ActiveCfg = Release|Any CPU
		{6218A1F4-C0A8-4522-B14D-CBF6CCE58FE2}.Release|Any CPU.Build.0 = Release|Any CPU
		{6218A1F4-C0A8-4522-B14D-CBF6CCE58FE2}.Debug|iPhoneSimulator.ActiveCfg = Debug|Any CPU
		{6218A1F4-C0A8-4522-B14D-CBF6CCE58FE2}.Debug|iPhoneSimulator.Build.0 = Debug|Any CPU
		{6218A1F4-C0A8-4522-B14D-CBF6CCE58FE2}.Release|iPhone.ActiveCfg = Release|Any CPU
		{6218A1F4-C0A8-4522-B14D-CBF6CCE58FE2}.Release|iPhone.Build.0 = Release|Any CPU
		{6218A1F4-C0A8-4522-B14D-CBF6CCE58FE2}.Release|iPhoneSimulator.ActiveCfg = Release|Any CPU
		{6218A1F4-C0A8-4522-B14D-CBF6CCE58FE2}.Release|iPhoneSimulator.Build.0 = Release|Any CPU
		{6218A1F4-C0A8-4522-B14D-CBF6CCE58FE2}.Debug|iPhone.ActiveCfg = Debug|Any CPU
		{6218A1F4-C0A8-4522-B14D-CBF6CCE58FE2}.Debug|iPhone.Build.0 = Debug|Any CPU
		{40B36703-B5A5-4F32-89AE-0022536AE00A}.Debug|Any CPU.ActiveCfg = Debug|Any CPU
		{40B36703-B5A5-4F32-89AE-0022536AE00A}.Debug|Any CPU.Build.0 = Debug|Any CPU
		{40B36703-B5A5-4F32-89AE-0022536AE00A}.Release|Any CPU.ActiveCfg = Release|Any CPU
		{40B36703-B5A5-4F32-89AE-0022536AE00A}.Release|Any CPU.Build.0 = Release|Any CPU
		{40B36703-B5A5-4F32-89AE-0022536AE00A}.Debug|iPhoneSimulator.ActiveCfg = Debug|Any CPU
		{40B36703-B5A5-4F32-89AE-0022536AE00A}.Debug|iPhoneSimulator.Build.0 = Debug|Any CPU
		{40B36703-B5A5-4F32-89AE-0022536AE00A}.Release|iPhone.ActiveCfg = Release|Any CPU
		{40B36703-B5A5-4F32-89AE-0022536AE00A}.Release|iPhone.Build.0 = Release|Any CPU
		{40B36703-B5A5-4F32-89AE-0022536AE00A}.Release|iPhoneSimulator.ActiveCfg = Release|Any CPU
		{40B36703-B5A5-4F32-89AE-0022536AE00A}.Release|iPhoneSimulator.Build.0 = Release|Any CPU
		{40B36703-B5A5-4F32-89AE-0022536AE00A}.Debug|iPhone.ActiveCfg = Debug|Any CPU
		{40B36703-B5A5-4F32-89AE-0022536AE00A}.Debug|iPhone.Build.0 = Debug|Any CPU
		{AB63235A-70AA-49BE-BD4D-AFDBA29DA507}.Debug|Any CPU.ActiveCfg = Debug|Any CPU
		{AB63235A-70AA-49BE-BD4D-AFDBA29DA507}.Debug|Any CPU.Build.0 = Debug|Any CPU
		{AB63235A-70AA-49BE-BD4D-AFDBA29DA507}.Release|Any CPU.ActiveCfg = Release|Any CPU
		{AB63235A-70AA-49BE-BD4D-AFDBA29DA507}.Release|Any CPU.Build.0 = Release|Any CPU
		{AB63235A-70AA-49BE-BD4D-AFDBA29DA507}.Debug|iPhoneSimulator.ActiveCfg = Debug|Any CPU
		{AB63235A-70AA-49BE-BD4D-AFDBA29DA507}.Debug|iPhoneSimulator.Build.0 = Debug|Any CPU
		{AB63235A-70AA-49BE-BD4D-AFDBA29DA507}.Release|iPhone.ActiveCfg = Release|Any CPU
		{AB63235A-70AA-49BE-BD4D-AFDBA29DA507}.Release|iPhone.Build.0 = Release|Any CPU
		{AB63235A-70AA-49BE-BD4D-AFDBA29DA507}.Release|iPhoneSimulator.ActiveCfg = Release|Any CPU
		{AB63235A-70AA-49BE-BD4D-AFDBA29DA507}.Release|iPhoneSimulator.Build.0 = Release|Any CPU
		{AB63235A-70AA-49BE-BD4D-AFDBA29DA507}.Debug|iPhone.ActiveCfg = Debug|Any CPU
		{AB63235A-70AA-49BE-BD4D-AFDBA29DA507}.Debug|iPhone.Build.0 = Debug|Any CPU
		{76F4DCCB-658E-4AF9-8851-B3327F6EB42E}.Debug|Any CPU.ActiveCfg = Debug|Any CPU
		{76F4DCCB-658E-4AF9-8851-B3327F6EB42E}.Debug|Any CPU.Build.0 = Debug|Any CPU
		{76F4DCCB-658E-4AF9-8851-B3327F6EB42E}.Release|Any CPU.ActiveCfg = Release|Any CPU
		{76F4DCCB-658E-4AF9-8851-B3327F6EB42E}.Release|Any CPU.Build.0 = Release|Any CPU
		{76F4DCCB-658E-4AF9-8851-B3327F6EB42E}.Debug|iPhoneSimulator.ActiveCfg = Debug|Any CPU
		{76F4DCCB-658E-4AF9-8851-B3327F6EB42E}.Debug|iPhoneSimulator.Build.0 = Debug|Any CPU
		{76F4DCCB-658E-4AF9-8851-B3327F6EB42E}.Release|iPhone.ActiveCfg = Release|Any CPU
		{76F4DCCB-658E-4AF9-8851-B3327F6EB42E}.Release|iPhone.Build.0 = Release|Any CPU
		{76F4DCCB-658E-4AF9-8851-B3327F6EB42E}.Release|iPhoneSimulator.ActiveCfg = Release|Any CPU
		{76F4DCCB-658E-4AF9-8851-B3327F6EB42E}.Release|iPhoneSimulator.Build.0 = Release|Any CPU
		{76F4DCCB-658E-4AF9-8851-B3327F6EB42E}.Debug|iPhone.ActiveCfg = Debug|Any CPU
		{76F4DCCB-658E-4AF9-8851-B3327F6EB42E}.Debug|iPhone.Build.0 = Debug|Any CPU
		{3ACFE23C-D6FF-46F9-8A69-14891B1456EA}.Debug|Any CPU.ActiveCfg = Debug|Any CPU
		{3ACFE23C-D6FF-46F9-8A69-14891B1456EA}.Debug|Any CPU.Build.0 = Debug|Any CPU
		{3ACFE23C-D6FF-46F9-8A69-14891B1456EA}.Release|Any CPU.ActiveCfg = Release|Any CPU
		{3ACFE23C-D6FF-46F9-8A69-14891B1456EA}.Release|Any CPU.Build.0 = Release|Any CPU
		{3ACFE23C-D6FF-46F9-8A69-14891B1456EA}.Debug|iPhoneSimulator.ActiveCfg = Debug|Any CPU
		{3ACFE23C-D6FF-46F9-8A69-14891B1456EA}.Debug|iPhoneSimulator.Build.0 = Debug|Any CPU
		{3ACFE23C-D6FF-46F9-8A69-14891B1456EA}.Release|iPhone.ActiveCfg = Release|Any CPU
		{3ACFE23C-D6FF-46F9-8A69-14891B1456EA}.Release|iPhone.Build.0 = Release|Any CPU
		{3ACFE23C-D6FF-46F9-8A69-14891B1456EA}.Release|iPhoneSimulator.ActiveCfg = Release|Any CPU
		{3ACFE23C-D6FF-46F9-8A69-14891B1456EA}.Release|iPhoneSimulator.Build.0 = Release|Any CPU
		{3ACFE23C-D6FF-46F9-8A69-14891B1456EA}.Debug|iPhone.ActiveCfg = Debug|Any CPU
		{3ACFE23C-D6FF-46F9-8A69-14891B1456EA}.Debug|iPhone.Build.0 = Debug|Any CPU
		{7F8FC491-34BA-4778-94E5-A8EE73E90C20}.Debug|Any CPU.ActiveCfg = Debug|Any CPU
		{7F8FC491-34BA-4778-94E5-A8EE73E90C20}.Debug|Any CPU.Build.0 = Debug|Any CPU
		{7F8FC491-34BA-4778-94E5-A8EE73E90C20}.Release|Any CPU.ActiveCfg = Release|Any CPU
		{7F8FC491-34BA-4778-94E5-A8EE73E90C20}.Release|Any CPU.Build.0 = Release|Any CPU
		{7F8FC491-34BA-4778-94E5-A8EE73E90C20}.Debug|iPhoneSimulator.ActiveCfg = Debug|Any CPU
		{7F8FC491-34BA-4778-94E5-A8EE73E90C20}.Debug|iPhoneSimulator.Build.0 = Debug|Any CPU
		{7F8FC491-34BA-4778-94E5-A8EE73E90C20}.Release|iPhone.ActiveCfg = Release|Any CPU
		{7F8FC491-34BA-4778-94E5-A8EE73E90C20}.Release|iPhone.Build.0 = Release|Any CPU
		{7F8FC491-34BA-4778-94E5-A8EE73E90C20}.Release|iPhoneSimulator.ActiveCfg = Release|Any CPU
		{7F8FC491-34BA-4778-94E5-A8EE73E90C20}.Release|iPhoneSimulator.Build.0 = Release|Any CPU
		{7F8FC491-34BA-4778-94E5-A8EE73E90C20}.Debug|iPhone.ActiveCfg = Debug|Any CPU
		{7F8FC491-34BA-4778-94E5-A8EE73E90C20}.Debug|iPhone.Build.0 = Debug|Any CPU
		{C7C718CC-6DA4-4341-912E-43BBBD27694D}.Debug|Any CPU.ActiveCfg = Debug|Any CPU
		{C7C718CC-6DA4-4341-912E-43BBBD27694D}.Debug|Any CPU.Build.0 = Debug|Any CPU
		{C7C718CC-6DA4-4341-912E-43BBBD27694D}.Release|Any CPU.ActiveCfg = Release|Any CPU
		{C7C718CC-6DA4-4341-912E-43BBBD27694D}.Release|Any CPU.Build.0 = Release|Any CPU
		{C7C718CC-6DA4-4341-912E-43BBBD27694D}.Debug|iPhoneSimulator.ActiveCfg = Debug|Any CPU
		{C7C718CC-6DA4-4341-912E-43BBBD27694D}.Debug|iPhoneSimulator.Build.0 = Debug|Any CPU
		{C7C718CC-6DA4-4341-912E-43BBBD27694D}.Release|iPhone.ActiveCfg = Release|Any CPU
		{C7C718CC-6DA4-4341-912E-43BBBD27694D}.Release|iPhone.Build.0 = Release|Any CPU
		{C7C718CC-6DA4-4341-912E-43BBBD27694D}.Release|iPhoneSimulator.ActiveCfg = Release|Any CPU
		{C7C718CC-6DA4-4341-912E-43BBBD27694D}.Release|iPhoneSimulator.Build.0 = Release|Any CPU
		{C7C718CC-6DA4-4341-912E-43BBBD27694D}.Debug|iPhone.ActiveCfg = Debug|Any CPU
		{C7C718CC-6DA4-4341-912E-43BBBD27694D}.Debug|iPhone.Build.0 = Debug|Any CPU
		{3F0DB3AA-986B-4801-A1B9-C0DF3016C2B6}.Debug|Any CPU.ActiveCfg = Debug|Any CPU
		{3F0DB3AA-986B-4801-A1B9-C0DF3016C2B6}.Debug|Any CPU.Build.0 = Debug|Any CPU
		{3F0DB3AA-986B-4801-A1B9-C0DF3016C2B6}.Release|Any CPU.ActiveCfg = Release|Any CPU
		{3F0DB3AA-986B-4801-A1B9-C0DF3016C2B6}.Release|Any CPU.Build.0 = Release|Any CPU
		{3F0DB3AA-986B-4801-A1B9-C0DF3016C2B6}.Debug|iPhoneSimulator.ActiveCfg = Debug|Any CPU
		{3F0DB3AA-986B-4801-A1B9-C0DF3016C2B6}.Debug|iPhoneSimulator.Build.0 = Debug|Any CPU
		{3F0DB3AA-986B-4801-A1B9-C0DF3016C2B6}.Release|iPhone.ActiveCfg = Release|Any CPU
		{3F0DB3AA-986B-4801-A1B9-C0DF3016C2B6}.Release|iPhone.Build.0 = Release|Any CPU
		{3F0DB3AA-986B-4801-A1B9-C0DF3016C2B6}.Release|iPhoneSimulator.ActiveCfg = Release|Any CPU
		{3F0DB3AA-986B-4801-A1B9-C0DF3016C2B6}.Release|iPhoneSimulator.Build.0 = Release|Any CPU
		{3F0DB3AA-986B-4801-A1B9-C0DF3016C2B6}.Debug|iPhone.ActiveCfg = Debug|Any CPU
		{3F0DB3AA-986B-4801-A1B9-C0DF3016C2B6}.Debug|iPhone.Build.0 = Debug|Any CPU
		{0B512933-8B33-43BE-8878-317DB02B0D48}.Debug|Any CPU.ActiveCfg = Debug|Any CPU
		{0B512933-8B33-43BE-8878-317DB02B0D48}.Debug|Any CPU.Build.0 = Debug|Any CPU
		{0B512933-8B33-43BE-8878-317DB02B0D48}.Release|Any CPU.ActiveCfg = Release|Any CPU
		{0B512933-8B33-43BE-8878-317DB02B0D48}.Release|Any CPU.Build.0 = Release|Any CPU
		{0B512933-8B33-43BE-8878-317DB02B0D48}.Debug|iPhoneSimulator.ActiveCfg = Debug|Any CPU
		{0B512933-8B33-43BE-8878-317DB02B0D48}.Debug|iPhoneSimulator.Build.0 = Debug|Any CPU
		{0B512933-8B33-43BE-8878-317DB02B0D48}.Release|iPhone.ActiveCfg = Release|Any CPU
		{0B512933-8B33-43BE-8878-317DB02B0D48}.Release|iPhone.Build.0 = Release|Any CPU
		{0B512933-8B33-43BE-8878-317DB02B0D48}.Release|iPhoneSimulator.ActiveCfg = Release|Any CPU
		{0B512933-8B33-43BE-8878-317DB02B0D48}.Release|iPhoneSimulator.Build.0 = Release|Any CPU
		{0B512933-8B33-43BE-8878-317DB02B0D48}.Debug|iPhone.ActiveCfg = Debug|Any CPU
		{0B512933-8B33-43BE-8878-317DB02B0D48}.Debug|iPhone.Build.0 = Debug|Any CPU
		{BAF2B022-2547-4297-9DD1-F053992EBF43}.Debug|Any CPU.ActiveCfg = Debug|Any CPU
		{BAF2B022-2547-4297-9DD1-F053992EBF43}.Debug|Any CPU.Build.0 = Debug|Any CPU
		{BAF2B022-2547-4297-9DD1-F053992EBF43}.Release|Any CPU.ActiveCfg = Release|Any CPU
		{BAF2B022-2547-4297-9DD1-F053992EBF43}.Release|Any CPU.Build.0 = Release|Any CPU
		{BAF2B022-2547-4297-9DD1-F053992EBF43}.Debug|iPhoneSimulator.ActiveCfg = Debug|Any CPU
		{BAF2B022-2547-4297-9DD1-F053992EBF43}.Debug|iPhoneSimulator.Build.0 = Debug|Any CPU
		{BAF2B022-2547-4297-9DD1-F053992EBF43}.Release|iPhone.ActiveCfg = Release|Any CPU
		{BAF2B022-2547-4297-9DD1-F053992EBF43}.Release|iPhone.Build.0 = Release|Any CPU
		{BAF2B022-2547-4297-9DD1-F053992EBF43}.Release|iPhoneSimulator.ActiveCfg = Release|Any CPU
		{BAF2B022-2547-4297-9DD1-F053992EBF43}.Release|iPhoneSimulator.Build.0 = Release|Any CPU
		{BAF2B022-2547-4297-9DD1-F053992EBF43}.Debug|iPhone.ActiveCfg = Debug|Any CPU
		{BAF2B022-2547-4297-9DD1-F053992EBF43}.Debug|iPhone.Build.0 = Debug|Any CPU
		{06A4259E-8F5B-4539-AE55-2B2D736EA678}.Debug|Any CPU.ActiveCfg = Debug|iPhoneSimulator
		{06A4259E-8F5B-4539-AE55-2B2D736EA678}.Debug|Any CPU.Build.0 = Debug|iPhoneSimulator
		{06A4259E-8F5B-4539-AE55-2B2D736EA678}.Release|Any CPU.ActiveCfg = Release|iPhone
		{06A4259E-8F5B-4539-AE55-2B2D736EA678}.Release|Any CPU.Build.0 = Release|iPhone
		{06A4259E-8F5B-4539-AE55-2B2D736EA678}.Debug|iPhoneSimulator.ActiveCfg = Debug|iPhoneSimulator
		{06A4259E-8F5B-4539-AE55-2B2D736EA678}.Debug|iPhoneSimulator.Build.0 = Debug|iPhoneSimulator
		{06A4259E-8F5B-4539-AE55-2B2D736EA678}.Release|iPhone.ActiveCfg = Release|iPhone
		{06A4259E-8F5B-4539-AE55-2B2D736EA678}.Release|iPhone.Build.0 = Release|iPhone
		{06A4259E-8F5B-4539-AE55-2B2D736EA678}.Release|iPhoneSimulator.ActiveCfg = Release|iPhoneSimulator
		{06A4259E-8F5B-4539-AE55-2B2D736EA678}.Release|iPhoneSimulator.Build.0 = Release|iPhoneSimulator
		{06A4259E-8F5B-4539-AE55-2B2D736EA678}.Debug|iPhone.ActiveCfg = Debug|iPhone
		{06A4259E-8F5B-4539-AE55-2B2D736EA678}.Debug|iPhone.Build.0 = Debug|iPhone
		{6D25557F-AC29-410A-B97D-F8077D73A425}.Debug|Any CPU.ActiveCfg = Debug|Any CPU
		{6D25557F-AC29-410A-B97D-F8077D73A425}.Debug|Any CPU.Build.0 = Debug|Any CPU
		{6D25557F-AC29-410A-B97D-F8077D73A425}.Release|Any CPU.ActiveCfg = Release|Any CPU
		{6D25557F-AC29-410A-B97D-F8077D73A425}.Release|Any CPU.Build.0 = Release|Any CPU
		{6D25557F-AC29-410A-B97D-F8077D73A425}.Debug|iPhoneSimulator.ActiveCfg = Debug|Any CPU
		{6D25557F-AC29-410A-B97D-F8077D73A425}.Debug|iPhoneSimulator.Build.0 = Debug|Any CPU
		{6D25557F-AC29-410A-B97D-F8077D73A425}.Release|iPhone.ActiveCfg = Release|Any CPU
		{6D25557F-AC29-410A-B97D-F8077D73A425}.Release|iPhone.Build.0 = Release|Any CPU
		{6D25557F-AC29-410A-B97D-F8077D73A425}.Release|iPhoneSimulator.ActiveCfg = Release|Any CPU
		{6D25557F-AC29-410A-B97D-F8077D73A425}.Release|iPhoneSimulator.Build.0 = Release|Any CPU
		{6D25557F-AC29-410A-B97D-F8077D73A425}.Debug|iPhone.ActiveCfg = Debug|Any CPU
		{6D25557F-AC29-410A-B97D-F8077D73A425}.Debug|iPhone.Build.0 = Debug|Any CPU
	EndGlobalSection
EndGlobal
